
Microsoft Visual Studio Solution File, Format Version 12.00
# Visual Studio Version 17
VisualStudioVersion = 17.0.31903.59
MinimumVisualStudioVersion = 10.0.40219.1
Project("{2150E333-8FDC-42A3-9474-1A3956D46DE8}") = "src", "src", "{827E0CD3-B72D-47B6-A68D-7590B98EB39B}"
EndProject
Project("{2150E333-8FDC-42A3-9474-1A3956D46DE8}") = "Core", "Core", "{8D626EA8-CB54-BC41-363A-217881BEBA6E}"
EndProject
Project("{FAE04EC0-301F-11D3-BF4B-00C04F79EFBC}") = "TerminalRacer.Core", "src\Core\TerminalRacer.Core.csproj", "{B8502C76-F5B5-4A2B-B990-DFF9F3CDF358}"
EndProject
Project("{2150E333-8FDC-42A3-9474-1A3956D46DE8}") = "App", "App", "{547E75E0-49BC-27F6-65D6-DF25CFFB661A}"
EndProject
Project("{FAE04EC0-301F-11D3-BF4B-00C04F79EFBC}") = "TerminalRacer.App", "src\App\TerminalRacer.App.csproj", "{A03E86E1-17DF-4377-8A49-E55A9597A599}"
EndProject
Project("{FAE04EC0-301F-11D3-BF4B-00C04F79EFBC}") = "TerminalRacer.Audio", "src\Audio\TerminalRacer.Audio.csproj", "{6BF28755-74CC-4EB3-8101-D408BF611E15}"
EndProject
Project("{FAE04EC0-301F-11D3-BF4B-00C04F79EFBC}") = "TerminalRacer.GameLogic", "src\GameLogic\TerminalRacer.GameLogic.csproj", "{B6D04EE0-F98F-4A19-91B3-E0795F04F640}"
EndProject
Project("{FAE04EC0-301F-11D3-BF4B-00C04F79EFBC}") = "TerminalRacer.Networking", "src\Networking\TerminalRacer.Networking.csproj", "{C1A39455-1FA8-4BDA-A29C-7C5DDB2EB260}"
EndProject
Project("{FAE04EC0-301F-11D3-BF4B-00C04F79EFBC}") = "TerminalRacer.Rendering", "src\Rendering\TerminalRacer.Rendering.csproj", "{3C79C579-D3FE-4845-8849-7537BD18F3CA}"
EndProject
Project("{FAE04EC0-301F-11D3-BF4B-00C04F79EFBC}") = "TerminalRacer.Tests", "tests\TerminalRacer.Tests\TerminalRacer.Tests.csproj", "{6E845280-8894-4B65-9EDA-27D19310FB5A}"
EndProject
Global
	GlobalSection(SolutionConfigurationPlatforms) = preSolution
		Debug|Any CPU = Debug|Any CPU
		Debug|x64 = Debug|x64
		Debug|x86 = Debug|x86
		Release|Any CPU = Release|Any CPU
		Release|x64 = Release|x64
		Release|x86 = Release|x86
	EndGlobalSection
	GlobalSection(ProjectConfigurationPlatforms) = postSolution
		{B8502C76-F5B5-4A2B-B990-DFF9F3CDF358}.Debug|Any CPU.ActiveCfg = Debug|Any CPU
		{B8502C76-F5B5-4A2B-B990-DFF9F3CDF358}.Debug|Any CPU.Build.0 = Debug|Any CPU
		{B8502C76-F5B5-4A2B-B990-DFF9F3CDF358}.Debug|x64.ActiveCfg = Debug|Any CPU
		{B8502C76-F5B5-4A2B-B990-DFF9F3CDF358}.Debug|x64.Build.0 = Debug|Any CPU
		{B8502C76-F5B5-4A2B-B990-DFF9F3CDF358}.Debug|x86.ActiveCfg = Debug|Any CPU
		{B8502C76-F5B5-4A2B-B990-DFF9F3CDF358}.Debug|x86.Build.0 = Debug|Any CPU
		{B8502C76-F5B5-4A2B-B990-DFF9F3CDF358}.Release|Any CPU.ActiveCfg = Release|Any CPU
		{B8502C76-F5B5-4A2B-B990-DFF9F3CDF358}.Release|Any CPU.Build.0 = Release|Any CPU
		{B8502C76-F5B5-4A2B-B990-DFF9F3CDF358}.Release|x64.ActiveCfg = Release|Any CPU
		{B8502C76-F5B5-4A2B-B990-DFF9F3CDF358}.Release|x64.Build.0 = Release|Any CPU
		{B8502C76-F5B5-4A2B-B990-DFF9F3CDF358}.Release|x86.ActiveCfg = Release|Any CPU
		{B8502C76-F5B5-4A2B-B990-DFF9F3CDF358}.Release|x86.Build.0 = Release|Any CPU
		{A03E86E1-17DF-4377-8A49-E55A9597A599}.Debug|Any CPU.ActiveCfg = Debug|Any CPU
		{A03E86E1-17DF-4377-8A49-E55A9597A599}.Debug|Any CPU.Build.0 = Debug|Any CPU
		{A03E86E1-17DF-4377-8A49-E55A9597A599}.Debug|x64.ActiveCfg = Debug|Any CPU
		{A03E86E1-17DF-4377-8A49-E55A9597A599}.Debug|x64.Build.0 = Debug|Any CPU
		{A03E86E1-17DF-4377-8A49-E55A9597A599}.Debug|x86.ActiveCfg = Debug|Any CPU
		{A03E86E1-17DF-4377-8A49-E55A9597A599}.Debug|x86.Build.0 = Debug|Any CPU
		{A03E86E1-17DF-4377-8A49-E55A9597A599}.Release|Any CPU.ActiveCfg = Release|Any CPU
		{A03E86E1-17DF-4377-8A49-E55A9597A599}.Release|Any CPU.Build.0 = Release|Any CPU
		{A03E86E1-17DF-4377-8A49-E55A9597A599}.Release|x64.ActiveCfg = Release|Any CPU
		{A03E86E1-17DF-4377-8A49-E55A9597A599}.Release|x64.Build.0 = Release|Any CPU
		{A03E86E1-17DF-4377-8A49-E55A9597A599}.Release|x86.ActiveCfg = Release|Any CPU
		{A03E86E1-17DF-4377-8A49-E55A9597A599}.Release|x86.Build.0 = Release|Any CPU
		{6BF28755-74CC-4EB3-8101-D408BF611E15}.Debug|Any CPU.ActiveCfg = Debug|Any CPU
		{6BF28755-74CC-4EB3-8101-D408BF611E15}.Debug|Any CPU.Build.0 = Debug|Any CPU
		{6BF28755-74CC-4EB3-8101-D408BF611E15}.Debug|x64.ActiveCfg = Debug|Any CPU
		{6BF28755-74CC-4EB3-8101-D408BF611E15}.Debug|x64.Build.0 = Debug|Any CPU
		{6BF28755-74CC-4EB3-8101-D408BF611E15}.Debug|x86.ActiveCfg = Debug|Any CPU
		{6BF28755-74CC-4EB3-8101-D408BF611E15}.Debug|x86.Build.0 = Debug|Any CPU
		{6BF28755-74CC-4EB3-8101-D408BF611E15}.Release|Any CPU.ActiveCfg = Release|Any CPU
		{6BF28755-74CC-4EB3-8101-D408BF611E15}.Release|Any CPU.Build.0 = Release|Any CPU
		{6BF28755-74CC-4EB3-8101-D408BF611E15}.Release|x64.ActiveCfg = Release|Any CPU
		{6BF28755-74CC-4EB3-8101-D408BF611E15}.Release|x64.Build.0 = Release|Any CPU
		{6BF28755-74CC-4EB3-8101-D408BF611E15}.Release|x86.ActiveCfg = Release|Any CPU
		{6BF28755-74CC-4EB3-8101-D408BF611E15}.Release|x86.Build.0 = Release|Any CPU
		{B6D04EE0-F98F-4A19-91B3-E0795F04F640}.Debug|Any CPU.ActiveCfg = Debug|Any CPU
		{B6D04EE0-F98F-4A19-91B3-E0795F04F640}.Debug|Any CPU.Build.0 = Debug|Any CPU
		{B6D04EE0-F98F-4A19-91B3-E0795F04F640}.Debug|x64.ActiveCfg = Debug|Any CPU
		{B6D04EE0-F98F-4A19-91B3-E0795F04F640}.Debug|x64.Build.0 = Debug|Any CPU
		{B6D04EE0-F98F-4A19-91B3-E0795F04F640}.Debug|x86.ActiveCfg = Debug|Any CPU
		{B6D04EE0-F98F-4A19-91B3-E0795F04F640}.Debug|x86.Build.0 = Debug|Any CPU
		{B6D04EE0-F98F-4A19-91B3-E0795F04F640}.Release|Any CPU.ActiveCfg = Release|Any CPU
		{B6D04EE0-F98F-4A19-91B3-E0795F04F640}.Release|Any CPU.Build.0 = Release|Any CPU
		{B6D04EE0-F98F-4A19-91B3-E0795F04F640}.Release|x64.ActiveCfg = Release|Any CPU
		{B6D04EE0-F98F-4A19-91B3-E0795F04F640}.Release|x64.Build.0 = Release|Any CPU
		{B6D04EE0-F98F-4A19-91B3-E0795F04F640}.Release|x86.ActiveCfg = Release|Any CPU
		{B6D04EE0-F98F-4A19-91B3-E0795F04F640}.Release|x86.Build.0 = Release|Any CPU
		{C1A39455-1FA8-4BDA-A29C-7C5DDB2EB260}.Debug|Any CPU.ActiveCfg = Debug|Any CPU
		{C1A39455-1FA8-4BDA-A29C-7C5DDB2EB260}.Debug|Any CPU.Build.0 = Debug|Any CPU
		{C1A39455-1FA8-4BDA-A29C-7C5DDB2EB260}.Debug|x64.ActiveCfg = Debug|Any CPU
		{C1A39455-1FA8-4BDA-A29C-7C5DDB2EB260}.Debug|x64.Build.0 = Debug|Any CPU
		{C1A39455-1FA8-4BDA-A29C-7C5DDB2EB260}.Debug|x86.ActiveCfg = Debug|Any CPU
		{C1A39455-1FA8-4BDA-A29C-7C5DDB2EB260}.Debug|x86.Build.0 = Debug|Any CPU
		{C1A39455-1FA8-4BDA-A29C-7C5DDB2EB260}.Release|Any CPU.ActiveCfg = Release|Any CPU
		{C1A39455-1FA8-4BDA-A29C-7C5DDB2EB260}.Release|Any CPU.Build.0 = Release|Any CPU
		{C1A39455-1FA8-4BDA-A29C-7C5DDB2EB260}.Release|x64.ActiveCfg = Release|Any CPU
		{C1A39455-1FA8-4BDA-A29C-7C5DDB2EB260}.Release|x64.Build.0 = Release|Any CPU
		{C1A39455-1FA8-4BDA-A29C-7C5DDB2EB260}.Release|x86.ActiveCfg = Release|Any CPU
		{C1A39455-1FA8-4BDA-A29C-7C5DDB2EB260}.Release|x86.Build.0 = Release|Any CPU
		{3C79C579-D3FE-4845-8849-7537BD18F3CA}.Debug|Any CPU.ActiveCfg = Debug|Any CPU
		{3C79C579-D3FE-4845-8849-7537BD18F3CA}.Debug|Any CPU.Build.0 = Debug|Any CPU
		{3C79C579-D3FE-4845-8849-7537BD18F3CA}.Debug|x64.ActiveCfg = Debug|Any CPU
		{3C79C579-D3FE-4845-8849-7537BD18F3CA}.Debug|x64.Build.0 = Debug|Any CPU
		{3C79C579-D3FE-4845-8849-7537BD18F3CA}.Debug|x86.ActiveCfg = Debug|Any CPU
		{3C79C579-D3FE-4845-8849-7537BD18F3CA}.Debug|x86.Build.0 = Debug|Any CPU
		{3C79C579-D3FE-4845-8849-7537BD18F3CA}.Release|Any CPU.ActiveCfg = Release|Any CPU
		{3C79C579-D3FE-4845-8849-7537BD18F3CA}.Release|Any CPU.Build.0 = Release|Any CPU
		{3C79C579-D3FE-4845-8849-7537BD18F3CA}.Release|x64.ActiveCfg = Release|Any CPU
		{3C79C579-D3FE-4845-8849-7537BD18F3CA}.Release|x64.Build.0 = Release|Any CPU
		{3C79C579-D3FE-4845-8849-7537BD18F3CA}.Release|x86.ActiveCfg = Release|Any CPU
		{3C79C579-D3FE-4845-8849-7537BD18F3CA}.Release|x86.Build.0 = Release|Any CPU
		{6E845280-8894-4B65-9EDA-27D19310FB5A}.Debug|Any CPU.ActiveCfg = Debug|Any CPU
		{6E845280-8894-4B65-9EDA-27D19310FB5A}.Debug|Any CPU.Build.0 = Debug|Any CPU
		{6E845280-8894-4B65-9EDA-27D19310FB5A}.Debug|x64.ActiveCfg = Debug|Any CPU
		{6E845280-8894-4B65-9EDA-27D19310FB5A}.Debug|x64.Build.0 = Debug|Any CPU
		{6E845280-8894-4B65-9EDA-27D19310FB5A}.Debug|x86.ActiveCfg = Debug|Any CPU
		{6E845280-8894-4B65-9EDA-27D19310FB5A}.Debug|x86.Build.0 = Debug|Any CPU
		{6E845280-8894-4B65-9EDA-27D19310FB5A}.Release|Any CPU.ActiveCfg = Release|Any CPU
		{6E845280-8894-4B65-9EDA-27D19310FB5A}.Release|Any CPU.Build.0 = Release|Any CPU
		{6E845280-8894-4B65-9EDA-27D19310FB5A}.Release|x64.ActiveCfg = Release|Any CPU
		{6E845280-8894-4B65-9EDA-27D19310FB5A}.Release|x64.Build.0 = Release|Any CPU
		{6E845280-8894-4B65-9EDA-27D19310FB5A}.Release|x86.ActiveCfg = Release|Any CPU
		{6E845280-8894-4B65-9EDA-27D19310FB5A}.Release|x86.Build.0 = Release|Any CPU
	EndGlobalSection
	GlobalSection(SolutionProperties) = preSolution
		HideSolutionNode = FALSE
	EndGlobalSection
	GlobalSection(NestedProjects) = preSolution
		{8D626EA8-CB54-BC41-363A-217881BEBA6E} = {827E0CD3-B72D-47B6-A68D-7590B98EB39B}
		{B8502C76-F5B5-4A2B-B990-DFF9F3CDF358} = {8D626EA8-CB54-BC41-363A-217881BEBA6E}
		{547E75E0-49BC-27F6-65D6-DF25CFFB661A} = {827E0CD3-B72D-47B6-A68D-7590B98EB39B}
		{A03E86E1-17DF-4377-8A49-E55A9597A599} = {547E75E0-49BC-27F6-65D6-DF25CFFB661A}
		{6BF28755-74CC-4EB3-8101-D408BF611E15} = {547E75E0-49BC-27F6-65D6-DF25CFFB661A}
		{B6D04EE0-F98F-4A19-91B3-E0795F04F640} = {547E75E0-49BC-27F6-65D6-DF25CFFB661A}
		{C1A39455-1FA8-4BDA-A29C-7C5DDB2EB260} = {547E75E0-49BC-27F6-65D6-DF25CFFB661A}
		{3C79C579-D3FE-4845-8849-7537BD18F3CA} = {547E75E0-49BC-27F6-65D6-DF25CFFB661A}
		{6E845280-8894-4B65-9EDA-27D19310FB5A} = {547E75E0-49BC-27F6-65D6-DF25CFFB661A}
	EndGlobalSection
EndGlobal
